
Microsoft Visual Studio Solution File, Format Version 12.00
# Visual Studio Version 17
VisualStudioVersion = 17.10.35027.167
MinimumVisualStudioVersion = 10.0.40219.1
Project("{9A19103F-16F7-4668-BE54-9A1E7A4F7556}") = "Source_XylRaces", "Source_XylRaces\Source_XylRaces.csproj", "{FD3DB066-0CAA-4B84-8EBF-CE6B68D1C5D4}"
EndProject
Project("{9A19103F-16F7-4668-BE54-9A1E7A4F7556}") = "XylRacesDvergr", "XylRacesDvergr\XylRacesDvergr.csproj", "{FA7E2D32-353A-4A02-A50F-3F2171BF4DE6}"
EndProject
Project("{9A19103F-16F7-4668-BE54-9A1E7A4F7556}") = "XylRacesNixie", "XylRacesNixie\XylRacesNixie.csproj", "{99F09417-A33E-4A3C-B3AA-8CE79E2EEF65}"
EndProject
Project("{9A19103F-16F7-4668-BE54-9A1E7A4F7556}") = "XylRacesWarcat", "XylRacesWarcat\XylRacesWarcat.csproj", "{2958E926-8897-46B8-BBDA-F7E9B81A2DEB}"
EndProject
Project("{9A19103F-16F7-4668-BE54-9A1E7A4F7556}") = "XylRacesCore", "XylRacesCore\XylRacesCore.csproj", "{4ACCBE22-C875-4ED5-A6C1-7ECAF6B6CD7F}"
EndProject
Project("{9A19103F-16F7-4668-BE54-9A1E7A4F7556}") = "XylRacesBossaps", "XylRacesBossaps\XylRacesBossaps.csproj", "{BE742301-C1B5-49BF-A9D0-127A73EFFF56}"
EndProject
Project("{9A19103F-16F7-4668-BE54-9A1E7A4F7556}") = "XylRacesChyrr", "XylRacesChyrr\XylRacesChyrr.csproj", "{7F66FE6D-F33C-4CB5-978E-FE89026EC801}"
EndProject
Project("{9A19103F-16F7-4668-BE54-9A1E7A4F7556}") = "XylRacesTitan", "XylRacesTitan\XylRacesTitan.csproj", "{23C7EC25-7BDE-497A-AAEE-706D3D8F1C24}"
EndProject
Project("{9A19103F-16F7-4668-BE54-9A1E7A4F7556}") = "XylRacesTrog", "XylRacesTrog\XylRacesTrog.csproj", "{65032953-1148-4CB5-9EA3-7DCFB9A6F5B2}"
EndProject
Project("{FAE04EC0-301F-11D3-BF4B-00C04F79EFBC}") = "XylRacesVereid", "XylRacesVereid\XylRacesVereid.csproj", "{B0309BB0-FF7F-07DB-9033-A64322779FCE}"
EndProject
Project("{FAE04EC0-301F-11D3-BF4B-00C04F79EFBC}") = "XylRacesZeegee", "XylRacesZeegee\XylRacesZeegee.csproj", "{8208D01C-B2CC-5306-7728-9FCD53A4764A}"
EndProject
Project("{FAE04EC0-301F-11D3-BF4B-00C04F79EFBC}") = "Source_ExposableChecker", "Source_ExposableChecker\Source_ExposableChecker.csproj", "{72A7BBC7-AE68-408B-BFFF-281257C3C11D}"
EndProject
Project("{FAE04EC0-301F-11D3-BF4B-00C04F79EFBC}") = "Source_XylIdeoTweaks", "Source_XylIdeoTweaks\Source_XylIdeoTweaks.csproj", "{17C59BA0-3875-38FE-3411-A0644177718E}"
EndProject
Project("{FAE04EC0-301F-11D3-BF4B-00C04F79EFBC}") = "TranspilerUtil", "TranspilerUtil\TranspilerUtil.csproj", "{C59418CE-8C09-429E-8D71-5A5C17622177}"
EndProject
Project("{FAE04EC0-301F-11D3-BF4B-00C04F79EFBC}") = "XylIdeoTweaks", "XylIdeoTweaks\XylIdeoTweaks.csproj", "{A866F0D8-C387-E006-5847-E398E59960F3}"
EndProject
Global
	GlobalSection(SolutionConfigurationPlatforms) = preSolution
		Debug|Any CPU = Debug|Any CPU
		Release|Any CPU = Release|Any CPU
	EndGlobalSection
	GlobalSection(ProjectConfigurationPlatforms) = postSolution
		{FD3DB066-0CAA-4B84-8EBF-CE6B68D1C5D4}.Debug|Any CPU.ActiveCfg = Debug|Any CPU
		{FD3DB066-0CAA-4B84-8EBF-CE6B68D1C5D4}.Debug|Any CPU.Build.0 = Debug|Any CPU
		{FD3DB066-0CAA-4B84-8EBF-CE6B68D1C5D4}.Release|Any CPU.ActiveCfg = Release|Any CPU
		{FD3DB066-0CAA-4B84-8EBF-CE6B68D1C5D4}.Release|Any CPU.Build.0 = Release|Any CPU
		{FA7E2D32-353A-4A02-A50F-3F2171BF4DE6}.Debug|Any CPU.ActiveCfg = Debug|Any CPU
		{FA7E2D32-353A-4A02-A50F-3F2171BF4DE6}.Debug|Any CPU.Build.0 = Debug|Any CPU
		{FA7E2D32-353A-4A02-A50F-3F2171BF4DE6}.Release|Any CPU.ActiveCfg = Release|Any CPU
		{FA7E2D32-353A-4A02-A50F-3F2171BF4DE6}.Release|Any CPU.Build.0 = Release|Any CPU
		{99F09417-A33E-4A3C-B3AA-8CE79E2EEF65}.Debug|Any CPU.ActiveCfg = Debug|Any CPU
		{99F09417-A33E-4A3C-B3AA-8CE79E2EEF65}.Debug|Any CPU.Build.0 = Debug|Any CPU
		{99F09417-A33E-4A3C-B3AA-8CE79E2EEF65}.Release|Any CPU.ActiveCfg = Release|Any CPU
		{99F09417-A33E-4A3C-B3AA-8CE79E2EEF65}.Release|Any CPU.Build.0 = Release|Any CPU
		{2958E926-8897-46B8-BBDA-F7E9B81A2DEB}.Debug|Any CPU.ActiveCfg = Debug|Any CPU
		{2958E926-8897-46B8-BBDA-F7E9B81A2DEB}.Debug|Any CPU.Build.0 = Debug|Any CPU
		{2958E926-8897-46B8-BBDA-F7E9B81A2DEB}.Release|Any CPU.ActiveCfg = Release|Any CPU
		{2958E926-8897-46B8-BBDA-F7E9B81A2DEB}.Release|Any CPU.Build.0 = Release|Any CPU
		{4ACCBE22-C875-4ED5-A6C1-7ECAF6B6CD7F}.Debug|Any CPU.ActiveCfg = Debug|Any CPU
		{4ACCBE22-C875-4ED5-A6C1-7ECAF6B6CD7F}.Debug|Any CPU.Build.0 = Debug|Any CPU
		{4ACCBE22-C875-4ED5-A6C1-7ECAF6B6CD7F}.Release|Any CPU.ActiveCfg = Release|Any CPU
		{4ACCBE22-C875-4ED5-A6C1-7ECAF6B6CD7F}.Release|Any CPU.Build.0 = Release|Any CPU
		{BE742301-C1B5-49BF-A9D0-127A73EFFF56}.Debug|Any CPU.ActiveCfg = Debug|Any CPU
		{BE742301-C1B5-49BF-A9D0-127A73EFFF56}.Debug|Any CPU.Build.0 = Debug|Any CPU
		{BE742301-C1B5-49BF-A9D0-127A73EFFF56}.Release|Any CPU.ActiveCfg = Release|Any CPU
		{BE742301-C1B5-49BF-A9D0-127A73EFFF56}.Release|Any CPU.Build.0 = Release|Any CPU
		{7F66FE6D-F33C-4CB5-978E-FE89026EC801}.Debug|Any CPU.ActiveCfg = Debug|Any CPU
		{7F66FE6D-F33C-4CB5-978E-FE89026EC801}.Debug|Any CPU.Build.0 = Debug|Any CPU
		{7F66FE6D-F33C-4CB5-978E-FE89026EC801}.Release|Any CPU.ActiveCfg = Release|Any CPU
		{7F66FE6D-F33C-4CB5-978E-FE89026EC801}.Release|Any CPU.Build.0 = Release|Any CPU
		{23C7EC25-7BDE-497A-AAEE-706D3D8F1C24}.Debug|Any CPU.ActiveCfg = Debug|Any CPU
		{23C7EC25-7BDE-497A-AAEE-706D3D8F1C24}.Debug|Any CPU.Build.0 = Debug|Any CPU
		{23C7EC25-7BDE-497A-AAEE-706D3D8F1C24}.Release|Any CPU.ActiveCfg = Release|Any CPU
		{23C7EC25-7BDE-497A-AAEE-706D3D8F1C24}.Release|Any CPU.Build.0 = Release|Any CPU
		{65032953-1148-4CB5-9EA3-7DCFB9A6F5B2}.Debug|Any CPU.ActiveCfg = Debug|Any CPU
		{65032953-1148-4CB5-9EA3-7DCFB9A6F5B2}.Debug|Any CPU.Build.0 = Debug|Any CPU
		{65032953-1148-4CB5-9EA3-7DCFB9A6F5B2}.Release|Any CPU.ActiveCfg = Release|Any CPU
		{65032953-1148-4CB5-9EA3-7DCFB9A6F5B2}.Release|Any CPU.Build.0 = Release|Any CPU
		{B0309BB0-FF7F-07DB-9033-A64322779FCE}.Debug|Any CPU.ActiveCfg = Debug|Any CPU
		{B0309BB0-FF7F-07DB-9033-A64322779FCE}.Debug|Any CPU.Build.0 = Debug|Any CPU
		{B0309BB0-FF7F-07DB-9033-A64322779FCE}.Release|Any CPU.ActiveCfg = Release|Any CPU
		{B0309BB0-FF7F-07DB-9033-A64322779FCE}.Release|Any CPU.Build.0 = Release|Any CPU
		{8208D01C-B2CC-5306-7728-9FCD53A4764A}.Debug|Any CPU.ActiveCfg = Debug|Any CPU
		{8208D01C-B2CC-5306-7728-9FCD53A4764A}.Debug|Any CPU.Build.0 = Debug|Any CPU
		{8208D01C-B2CC-5306-7728-9FCD53A4764A}.Release|Any CPU.ActiveCfg = Release|Any CPU
		{8208D01C-B2CC-5306-7728-9FCD53A4764A}.Release|Any CPU.Build.0 = Release|Any CPU
		{72A7BBC7-AE68-408B-BFFF-281257C3C11D}.Debug|Any CPU.ActiveCfg = Debug|Any CPU
		{72A7BBC7-AE68-408B-BFFF-281257C3C11D}.Debug|Any CPU.Build.0 = Debug|Any CPU
		{72A7BBC7-AE68-408B-BFFF-281257C3C11D}.Release|Any CPU.ActiveCfg = Release|Any CPU
		{72A7BBC7-AE68-408B-BFFF-281257C3C11D}.Release|Any CPU.Build.0 = Release|Any CPU
		{17C59BA0-3875-38FE-3411-A0644177718E}.Debug|Any CPU.ActiveCfg = Debug|Any CPU
		{17C59BA0-3875-38FE-3411-A0644177718E}.Debug|Any CPU.Build.0 = Debug|Any CPU
		{17C59BA0-3875-38FE-3411-A0644177718E}.Release|Any CPU.ActiveCfg = Release|Any CPU
		{17C59BA0-3875-38FE-3411-A0644177718E}.Release|Any CPU.Build.0 = Release|Any CPU
		{C59418CE-8C09-429E-8D71-5A5C17622177}.Debug|Any CPU.ActiveCfg = Debug|Any CPU
		{C59418CE-8C09-429E-8D71-5A5C17622177}.Debug|Any CPU.Build.0 = Debug|Any CPU
		{C59418CE-8C09-429E-8D71-5A5C17622177}.Release|Any CPU.ActiveCfg = Release|Any CPU
		{C59418CE-8C09-429E-8D71-5A5C17622177}.Release|Any CPU.Build.0 = Release|Any CPU
		{A866F0D8-C387-E006-5847-E398E59960F3}.Debug|Any CPU.ActiveCfg = Debug|Any CPU
		{A866F0D8-C387-E006-5847-E398E59960F3}.Debug|Any CPU.Build.0 = Debug|Any CPU
		{A866F0D8-C387-E006-5847-E398E59960F3}.Release|Any CPU.ActiveCfg = Release|Any CPU
		{A866F0D8-C387-E006-5847-E398E59960F3}.Release|Any CPU.Build.0 = Release|Any CPU
	EndGlobalSection
	GlobalSection(SolutionProperties) = preSolution
		HideSolutionNode = FALSE
	EndGlobalSection
	GlobalSection(ExtensibilityGlobals) = postSolution
		SolutionGuid = {61B5E845-9289-49DF-91EA-3359FE5D3D3E}
	EndGlobalSection
EndGlobal
